version = 1
revision = 3
requires-python = ">=3.12"

[[package]]
name = "apsw"
version = "3.50.4.0"
source = { registry = "https://pypi.org/simple" }
sdist = { url = "https://files.pythonhosted.org/packages/02/ea/7469e89d75a07972255aac4c1b98675bfbc74df32a19dd5dc8ba87aa552b/apsw-3.50.4.0.tar.gz", hash = "sha256:a817c387ce2f4030ab7c3064cf21e9957911155f24f226c3ad4938df3a155e11", size = 1093635, upload-time = "2025-07-31T15:37:30.796Z" }
wheels = [
    { url = "https://files.pythonhosted.org/packages/30/c7/b871d1ecdbc5831acb39c568b4f59f441427af2d5568721f31da92f6c42b/apsw-3.50.4.0-cp312-cp312-macosx_10_13_x86_64.whl", hash = "sha256:44456d26efa7bf5ac3b57a76f0ec6a9d292edb1b3ffb3341d7d4637c0484bcda", size = 1941101, upload-time = "2025-07-31T15:35:34.063Z" },
    { url = "https://files.pythonhosted.org/packages/8d/1c/c337681459ade58c3ea21c01397edad464319a2d54977c62dc44b742341d/apsw-3.50.4.0-cp312-cp312-macosx_11_0_arm64.whl", hash = "sha256:065eef7160223627017a5f98f7ef5de825cdf1620233357534aba65ec76544c6", size = 1867547, upload-time = "2025-07-31T15:35:35.502Z" },
    { url = "https://files.pythonhosted.org/packages/fd/39/b99466754118e4c9cb3c19ce49aac812d6177fa744e7f21115a0b68e1d44/apsw-3.50.4.0-cp312-cp312-manylinux_2_28_aarch64.whl", hash = "sha256:f77d69f889b18b92a782cd20f18d6ff85a793c104e147c5b3e64d5e7bca47b61", size = 7089973, upload-time = "2025-07-31T15:35:37.012Z" },
    { url = "https://files.pythonhosted.org/packages/98/5d/89a27b3907a356904412ba21c2e662d67f07a5fd3cc40e8e200d034447a5/apsw-3.50.4.0-cp312-cp312-manylinux_2_28_armv7l.manylinux_2_31_armv7l.whl", hash = "sha256:dd79a18e60448fa7f6e4a9a8236d39d8baa08f9a5e8d01c2535a2a9f8fbb8851", size = 6776696, upload-time = "2025-07-31T15:35:38.612Z" },
    { url = "https://files.pythonhosted.org/packages/bd/bb/0ed737d6975eefaf3c2684fa3f663ec40d833cd15d27a03419803c0906d5/apsw-3.50.4.0-cp312-cp312-manylinux_2_28_i686.whl", hash = "sha256:f2ab6caca856614a7cba9a5b11d6db2ae9b1e169c7fded373cc0d7c59f2f164f", size = 6933702, upload-time = "2025-07-31T15:35:42.147Z" },
    { url = "https://files.pythonhosted.org/packages/43/08/76e89c9b579f62636515a160796f776aefdb38da188479ed7eea733a4cbe/apsw-3.50.4.0-cp312-cp312-manylinux_2_28_x86_64.whl", hash = "sha256:5cc2890bdd299804f410e193431cf32f01e7f22fa0cc91f0b4f8ec51260604b5", size = 7078688, upload-time = "2025-07-31T15:35:43.856Z" },
    { url = "https://files.pythonhosted.org/packages/ef/9e/163a1a004fadeb65d4b683bbd3ed77354f38416655a12c0c5bd1b8790cdb/apsw-3.50.4.0-cp312-cp312-musllinux_1_2_aarch64.whl", hash = "sha256:2309675cf6cb548a308cf701b750af84f258449e4af8d07d5d7f31e9bda066f9", size = 7036996, upload-time = "2025-07-31T15:35:45.511Z" },
    { url = "https://files.pythonhosted.org/packages/87/50/a77a03c1401f07c4f44eb3200abeb2d7f0c56fd5734f3b753ef7c35cf816/apsw-3.50.4.0-cp312-cp312-musllinux_1_2_armv7l.whl", hash = "sha256:8127f5b25fd943909144bbcbc7b96a67975a3c889358f83aad29b6670913d327", size = 6930574, upload-time = "2025-07-31T15:35:49.073Z" },
    { url = "https://files.pythonhosted.org/packages/a5/6b/29788b522cb64387634c8d25cec8269ccb0d58979c89cfa17f162b668210/apsw-3.50.4.0-cp312-cp312-musllinux_1_2_i686.whl", hash = "sha256:d0dcb73f7c5934fb93693b9d8eeaffc907975a6edbe1dcfd1e9984d47523b90c", size = 6989916, upload-time = "2025-07-31T15:35:51.051Z" },
    { url = "https://files.pythonhosted.org/packages/8f/d6/eda2753d6d3b05b4fa86d4424829dfa6a4a7c619a20880a2f286d698f2aa/apsw-3.50.4.0-cp312-cp312-musllinux_1_2_x86_64.whl", hash = "sha256:fb9dd0fc0664c60b254a0d2d52751bc2fbecda1581303c3e11a143a95972e159", size = 7060592, upload-time = "2025-07-31T15:35:53.142Z" },
    { url = "https://files.pythonhosted.org/packages/eb/bc/5b1bf3c93a0d2966e3439f0eda42d0a1116c9cc6d4bad004cfcd96e813d3/apsw-3.50.4.0-cp312-cp312-win32.whl", hash = "sha256:b186b4d2ddaf2af468d69cde502a1b4ccabfbea7a4186fb0c90946ad06baf5dd", size = 1573040, upload-time = "2025-07-31T15:35:54.681Z" },
    { url = "https://files.pythonhosted.org/packages/2b/2d/fd943a09518068b7bab230269d6b08d5f96ba8d2658a5a5dfdb760f8b0b0/apsw-3.50.4.0-cp312-cp312-win_amd64.whl", hash = "sha256:639fc721e3e8acb8f60f9dfe75a8e5f160ce238867cede8f0652df9aa7789ebc", size = 1763902, upload-time = "2025-07-31T15:35:57.098Z" },
    { url = "https://files.pythonhosted.org/packages/c7/e1/484f5377c3b496edffeed59938d353279e281ed326e5a2ae494075f690aa/apsw-3.50.4.0-cp312-cp312-win_arm64.whl", hash = "sha256:1a5b8fe9f34774e492eedc13f38274af66f3d5f2ebdb9ec222ba6b1602fee575", size = 1589046, upload-time = "2025-07-31T15:35:58.828Z" },
    { url = "https://files.pythonhosted.org/packages/95/ac/28dc1db60fc77e09bb7c144e0433bfef1d96fca28a6697462d33c1b7bee2/apsw-3.50.4.0-cp313-cp313-macosx_10_13_x86_64.whl", hash = "sha256:eaacd669db2252ee3e603289aaf94b03b9916497d5be40656e75ae2670af797e", size = 1939243, upload-time = "2025-07-31T15:36:00.295Z" },
    { url = "https://files.pythonhosted.org/packages/9c/90/9ef3e703bb80ac7698ab81a66b5d1bf2ba41ac2d8e7068624a1a3a12392b/apsw-3.50.4.0-cp313-cp313-macosx_11_0_arm64.whl", hash = "sha256:f010c856b09532a855497574b35f12a8b10155531a0dab192bca98fed78fcc47", size = 1865958, upload-time = "2025-07-31T15:36:01.745Z" },
    { url = "https://files.pythonhosted.org/packages/c5/1c/2595f6770e6cc32ea38c9b9efeff6c92e4eac0c9789bbf639fee88392571/apsw-3.50.4.0-cp313-cp313-manylinux_2_28_aarch64.whl", hash = "sha256:018f9ed581042872686133a7baf74dce8a66a7eb471e362ef004684823037dd4", size = 7101598, upload-time = "2025-07-31T15:36:03.597Z" },
    { url = "https://files.pythonhosted.org/packages/c1/0b/c19464ceda95188b9b0e3c72c3277ea13cdaa9676c2089a0e68b251468d1/apsw-3.50.4.0-cp313-cp313-manylinux_2_28_armv7l.manylinux_2_31_armv7l.whl", hash = "sha256:f23624417950713d999a0e4d5b36426eb549e7e6a48986e7b71c2e77964999fa", size = 6796540, upload-time = "2025-07-31T15:36:05.407Z" },
    { url = "https://files.pythonhosted.org/packages/3c/fb/cb4c726b1183148619d435cdf291dcdb1bc88499e3977e25f2397ffc8bb0/apsw-3.50.4.0-cp313-cp313-manylinux_2_28_i686.whl", hash = "sha256:44b46dda3ef23b533a53a35a52d5b485154df9a4a525f726e4f20a8f2c91dd7d", size = 6940649, upload-time = "2025-07-31T15:36:07.252Z" },
    { url = "https://files.pythonhosted.org/packages/f0/ce/be7b5c29f90ecd63f3c994601cda6fcfc3c45d7e1882a51b3231cc0a7675/apsw-3.50.4.0-cp313-cp313-manylinux_2_28_x86_64.whl", hash = "sha256:8d7c26c594a5d1d483785d6841f06aeade664bdfc108ba42e89b1e8ed9d85d5d", size = 7100240, upload-time = "2025-07-31T15:36:08.977Z" },
    { url = "https://files.pythonhosted.org/packages/43/37/095f2f5cb91c65f5524a0698c715e23b96d27ea7880f172c1edaf6bf353b/apsw-3.50.4.0-cp313-cp313-musllinux_1_2_aarch64.whl", hash = "sha256:eda9cbe557450caa744dbc5022ae7110ff8b37252babf1e568ce53a1fce2d5b2", size = 7042082, upload-time = "2025-07-31T15:36:11.855Z" },
    { url = "https://files.pythonhosted.org/packages/3e/5a/a7ea6e3eef199f3f2d1e78686a710ba84c3a98b0030ab228de4b8a246e8d/apsw-3.50.4.0-cp313-cp313-musllinux_1_2_armv7l.whl", hash = "sha256:efb4435c499623e888cf860c94092b44e33dfe4b4b2c7bb2baa21314960c1de7", size = 6938790, upload-time = "2025-07-31T15:36:13.633Z" },
    { url = "https://files.pythonhosted.org/packages/a0/6c/81c1043b3b8b66eb6c8600d6460c15ecc67c1f7c94dc89df0586c2885a58/apsw-3.50.4.0-cp313-cp313-musllinux_1_2_i686.whl", hash = "sha256:1cc812997fe27fed335f98cf56317413da9584d397e958df1993d44ed9d9d855", size = 6999295, upload-time = "2025-07-31T15:36:15.389Z" },
    { url = "https://files.pythonhosted.org/packages/6f/17/4b1dc50bc76345d17c112fc46da0d387b5c30c02c8f0d962f36a63d6b7b5/apsw-3.50.4.0-cp313-cp313-musllinux_1_2_x86_64.whl", hash = "sha256:c825aeb601bd0934a334ae89a8531f013a06d80fd21cc8051105baa8b3f7f681", size = 7075717, upload-time = "2025-07-31T15:36:17.221Z" },
    { url = "https://files.pythonhosted.org/packages/17/74/8f10d53d695e49e7fd20f0068565d79a26d8b2a406ad2cc8e920f3d07c92/apsw-3.50.4.0-cp313-cp313-win32.whl", hash = "sha256:b58c1d648a026b59e8c9a38285fc6883a47e02b40225c9774dacb6bccbab667f", size = 1571940, upload-time = "2025-07-31T15:36:18.836Z" },
    { url = "https://files.pythonhosted.org/packages/d7/2b/52544d020e72856062fd7373b1b4dc9a4d3def731335202d2095cc5a0acf/apsw-3.50.4.0-cp313-cp313-win_amd64.whl", hash = "sha256:6e7e353ef81c73e9983e8118e92b28c4492acab9481f0c3423ad10755abc54d6", size = 1762624, upload-time = "2025-07-31T15:36:20.3Z" },
    { url = "https://files.pythonhosted.org/packages/51/66/68002c6fcb4071610d166f8206c80c62bb1fec247c6686e2402f771791ad/apsw-3.50.4.0-cp313-cp313-win_arm64.whl", hash = "sha256:571c1b2f664bcb3a37e1ea7a9d06c3553479a5406293be3aba5b98c6af9a96e6", size = 1587818, upload-time = "2025-07-31T15:36:21.777Z" },
    { url = "https://files.pythonhosted.org/packages/a8/08/1dc83cfec535ed912857ff90e401bb258b96b73b4b75edbecd614917276f/apsw-3.50.4.0-cp314-cp314-macosx_10_13_x86_64.whl", hash = "sha256:5da1e3c74e65db10778ea6ee610ba1b17e79803da5149daef7738e5940d7399c", size = 1939046, upload-time = "2025-07-31T15:36:23.452Z" },
    { url = "https://files.pythonhosted.org/packages/ab/5f/d0b698e835002975589dd3ccd3d38eb61a1c6feb5f6dd02074d75e1e8fbb/apsw-3.50.4.0-cp314-cp314-macosx_11_0_arm64.whl", hash = "sha256:10539ac4be08e6f3ddf14a3a9b2ca2efcb64ff38ed8a4aa5068d0d591a4d7f2d", size = 1866097, upload-time = "2025-07-31T15:36:25.265Z" },
    { url = "https://files.pythonhosted.org/packages/7d/f6/8a68b3322c073dadf4c63f798ebde292aaa24cefce79939afb73eb1eea82/apsw-3.50.4.0-cp314-cp314-manylinux_2_28_aarch64.whl", hash = "sha256:9808e8549ab4ae85a57822cb6e82e2e1e7eca358be9ba0a1acb68a2cff236b5f", size = 7101401, upload-time = "2025-07-31T15:36:27.124Z" },
    { url = "https://files.pythonhosted.org/packages/30/e1/8f52ff453dc3debc6a9834c88952781f2ea2e1bcc96876dfa29617ac80cf/apsw-3.50.4.0-cp314-cp314-manylinux_2_28_armv7l.manylinux_2_31_armv7l.whl", hash = "sha256:ccc3cfd0e17659e30b75c09ac639c8053b13dd6e5ddd1c2aa500fe9ec542532c", size = 6792073, upload-time = "2025-07-31T15:36:28.738Z" },
    { url = "https://files.pythonhosted.org/packages/7e/61/dee5bfcfe4f3ffc98fb202f1a3557ee165870517c0989841c6db5bda5479/apsw-3.50.4.0-cp314-cp314-manylinux_2_28_i686.whl", hash = "sha256:025c12091229fef1d753d76dc3535676b7959cd4b2eb50810af1834d19ec5d4c", size = 6940537, upload-time = "2025-07-31T15:36:30.679Z" },
    { url = "https://files.pythonhosted.org/packages/78/af/cf83c5c522d332d39c81a41f1d2be37b4e7c94e03c12c386e45e032e4158/apsw-3.50.4.0-cp314-cp314-manylinux_2_28_x86_64.whl", hash = "sha256:5a82fe22d8a0afdae2e47fa6f1c9c4a071787738474d76a102f2c2f1e4fa3699", size = 7096128, upload-time = "2025-07-31T15:36:32.68Z" },
    { url = "https://files.pythonhosted.org/packages/2b/d3/250294e02a33944dc920a8dd6e20678b46771129fd113e7f735611aab86b/apsw-3.50.4.0-cp314-cp314-musllinux_1_2_aarch64.whl", hash = "sha256:1565505fe1251c8d156b9aeaca6c75e3843f15ed0c0feb1f4f020d69437ce41b", size = 7041935, upload-time = "2025-07-31T15:36:34.303Z" },
    { url = "https://files.pythonhosted.org/packages/aa/0c/1b516e08b74e237155f10e0525238fcbd25347b51365c7463ab3bea152d5/apsw-3.50.4.0-cp314-cp314-musllinux_1_2_armv7l.whl", hash = "sha256:a017849115df9209dc6039b98ab6ed3a2675d5a900a08b7deafa95f481c3e61a", size = 6927924, upload-time = "2025-07-31T15:36:36.117Z" },
    { url = "https://files.pythonhosted.org/packages/2b/8f/3a3a0bc2537f29242bb8316574fd4c9e1b6075ea211a4e1aecd3f93c8a03/apsw-3.50.4.0-cp314-cp314-musllinux_1_2_i686.whl", hash = "sha256:a56d8de5d2231cbb6be74d2fa4925edf71fa4ee5574bf860dca90751f50aec3f", size = 6999494, upload-time = "2025-07-31T15:36:37.737Z" },
    { url = "https://files.pythonhosted.org/packages/47/04/cb8040a03c74c2c54eb4a011834b0a22c103af6cf109ddc66e19de2b0046/apsw-3.50.4.0-cp314-cp314-musllinux_1_2_x86_64.whl", hash = "sha256:2d576ceaaccb4ce9d7e4425905ed26ac566c58f71f9cfa62ed2618e9025568f0", size = 7073317, upload-time = "2025-07-31T15:36:39.781Z" },
    { url = "https://files.pythonhosted.org/packages/e1/04/0ebbb3ba0121da2b9a6cc5c8558cc0b8f74a2cce7be874eef5d525d774ed/apsw-3.50.4.0-cp314-cp314-win32.whl", hash = "sha256:7feae8a8fcdea498804e97f44eb7080f59d2ee21962a63683edc386d8769d580", size = 1606087, upload-time = "2025-07-31T15:36:41.409Z" },
    { url = "https://files.pythonhosted.org/packages/c9/b4/6a50f49afd27c238a7caa5f5cf4e59efb52e9ed8b8e3095d2556e7900049/apsw-3.50.4.0-cp314-cp314-win_amd64.whl", hash = "sha256:f0a748b5b12091f24eadee3c20473025618ed0b0cc55973a47a3f5c499721288", size = 1806368, upload-time = "2025-07-31T15:36:42.944Z" },
    { url = "https://files.pythonhosted.org/packages/15/9c/acd0ca2fb75edda20bf43302508210ef2a21bfc68e74b88b36d72408fe9c/apsw-3.50.4.0-cp314-cp314-win_arm64.whl", hash = "sha256:1dd6d38456881c2d7d3e9455b0559da10581ee816810f1a78690f3cf5d66987b", size = 1626374, upload-time = "2025-07-31T15:36:44.824Z" },
    { url = "https://files.pythonhosted.org/packages/58/22/bb69dcbd7aad7b3e4c58f6cb5b9b65f2225edd9f79001633ef1357330a21/apsw-3.50.4.0-cp314-cp314t-macosx_10_13_x86_64.whl", hash = "sha256:b35e2f688c2f816ab844dc362849520a603069199da79d9e20ff4211f9e90163", size = 1943853, upload-time = "2025-07-31T15:36:46.388Z" },
    { url = "https://files.pythonhosted.org/packages/6d/28/778cb724e0d47a032ef45f44ca057a122bb151dd93a891597057da6a9446/apsw-3.50.4.0-cp314-cp314t-macosx_11_0_arm64.whl", hash = "sha256:521709c1d17e9b6e0a5c6461cd515873d0f9ed5b9cfc6fce7eeb98fe55e39b42", size = 1872527, upload-time = "2025-07-31T15:36:48.301Z" },
    { url = "https://files.pythonhosted.org/packages/24/5e/f419432b120ae7793c4137bf7df6220d7d8d5e531f72dc79c9ce1e22e20e/apsw-3.50.4.0-cp314-cp314t-manylinux_2_28_aarch64.whl", hash = "sha256:5c9d46e0cfc6e173db3417c9a55883a2661ff8f8eeb288fda2301a070c422083", size = 7102195, upload-time = "2025-07-31T15:36:50.255Z" },
    { url = "https://files.pythonhosted.org/packages/d7/10/db4f48913642c11fdf622dc9a38649372d267c7feda344de82dbf20318b0/apsw-3.50.4.0-cp314-cp314t-manylinux_2_28_armv7l.manylinux_2_31_armv7l.whl", hash = "sha256:3b4ea452dfd2f6ec442402887f7501e4b47038a40613e8de3bb5cf6ad055aab2", size = 6781840, upload-time = "2025-07-31T15:36:51.89Z" },
    { url = "https://files.pythonhosted.org/packages/79/94/09b84402cb8373ec9f4694fa528fd3cc1566f7cc3d8f44d85c6bf5d155f6/apsw-3.50.4.0-cp314-cp314t-manylinux_2_28_i686.whl", hash = "sha256:a45b9fc0e502c8bb29173a1d1038b53bcfe19261856d09b2c93e5c2b46f7b469", size = 6919902, upload-time = "2025-07-31T15:36:53.545Z" },
    { url = "https://files.pythonhosted.org/packages/cd/27/7c54320cdff6b8db1d869a5e076e910adc92f7b3d75409ffe5b3fff7be5d/apsw-3.50.4.0-cp314-cp314t-manylinux_2_28_x86_64.whl", hash = "sha256:7eb471732fafcf48677719e76be5f94d7763187ed34a5579050cc6dd3eaef0fd", size = 7086548, upload-time = "2025-07-31T15:36:55.2Z" },
    { url = "https://files.pythonhosted.org/packages/7c/ae/d255fc777d7efe08cbf5e699a0d4615711a9ad2b1791da2c7e42259f49ca/apsw-3.50.4.0-cp314-cp314t-musllinux_1_2_aarch64.whl", hash = "sha256:6ac799f3d8fb29fe48d2bf31abe485827247419ccfd4c75ff0b0aa9eaa025e36", size = 7047805, upload-time = "2025-07-31T15:36:57.258Z" },
    { url = "https://files.pythonhosted.org/packages/64/8f/27207f409e225a23ec8a84fff76d32070ade0920e0b6cd0a323c8e0ac322/apsw-3.50.4.0-cp314-cp314t-musllinux_1_2_armv7l.whl", hash = "sha256:cf4951a3b594fa1cedc0684826847a6d39f471406a620080ca07aa9aa802e434", size = 6901041, upload-time = "2025-07-31T15:36:59.384Z" },
    { url = "https://files.pythonhosted.org/packages/11/13/5cde5d903418f971b981750a2381f112e9ae70b67219c9656db9dc6e5528/apsw-3.50.4.0-cp314-cp314t-musllinux_1_2_i686.whl", hash = "sha256:09064bca23111397ad750bb2e50b9eea4cd1ebcf80302eb81152a8cf8e65229e", size = 6964867, upload-time = "2025-07-31T15:37:01.068Z" },
    { url = "https://files.pythonhosted.org/packages/89/18/2d0b8330d20386c963e69024e57bcc58f6e2e1fb5d19e778e242240a7eb3/apsw-3.50.4.0-cp314-cp314t-musllinux_1_2_x86_64.whl", hash = "sha256:2119b1b5f03c2434443a0bcaf25190f4c934ba95af5ad74685c91d9097ff816a", size = 7051959, upload-time = "2025-07-31T15:37:02.733Z" },
    { url = "https://files.pythonhosted.org/packages/83/10/709daf89f4db470ab1ef9bf6f9d9fdf2d2cc94fd7ead9f5d438e4ee41c7b/apsw-3.50.4.0-cp314-cp314t-win32.whl", hash = "sha256:82dbe08db729027093ac5e802b7d3627f10e60b8cd9608411469f67ee911559a", size = 1617215, upload-time = "2025-07-31T15:37:04.275Z" },
    { url = "https://files.pythonhosted.org/packages/d9/a5/574b091a4be0f78c7e3cb18e1a8d067d758addda8c5c5263638c79e9f59e/apsw-3.50.4.0-cp314-cp314t-win_amd64.whl", hash = "sha256:438a5a2deee9dfae7a8afbdf29e99c4a09626c7f8dab31b5ad68b212c531d1cd", size = 1820920, upload-time = "2025-07-31T15:37:05.866Z" },
    { url = "https://files.pythonhosted.org/packages/3e/c3/e694cdf281459c2c39345608d3457ab2e8cf2588ff53835556b5895516c2/apsw-3.50.4.0-cp314-cp314t-win_arm64.whl", hash = "sha256:8a8fc8d960de623003c25c86891cf3dc2eb56a388292a9ddf21ce2069702db9f", size = 1630732, upload-time = "2025-07-31T15:37:07.39Z" },
]

[[package]]
name = "psycopg"
version = "3.2.10"
source = { registry = "https://pypi.org/simple" }
dependencies = [
    { name = "typing-extensions", marker = "python_full_version < '3.13'" },
    { name = "tzdata", marker = "sys_platform == 'win32'" },
]
sdist = { url = "https://files.pythonhosted.org/packages/a9/f1/0258a123c045afaf3c3b60c22ccff077bceeb24b8dc2c593270899353bd0/psycopg-3.2.10.tar.gz", hash = "sha256:0bce99269d16ed18401683a8569b2c5abd94f72f8364856d56c0389bcd50972a", size = 160380, upload-time = "2025-09-08T09:13:37.775Z" }
wheels = [
    { url = "https://files.pythonhosted.org/packages/4a/90/422ffbbeeb9418c795dae2a768db860401446af0c6768bc061ce22325f58/psycopg-3.2.10-py3-none-any.whl", hash = "sha256:ab5caf09a9ec42e314a21f5216dbcceac528e0e05142e42eea83a3b28b320ac3", size = 206586, upload-time = "2025-09-08T09:07:50.121Z" },
]

[package.optional-dependencies]
binary = [
    { name = "psycopg-binary", marker = "implementation_name != 'pypy'" },
]
pool = [
    { name = "psycopg-pool" },
]

[[package]]
name = "psycopg-binary"
version = "3.2.10"
source = { registry = "https://pypi.org/simple" }
wheels = [
    { url = "https://files.pythonhosted.org/packages/a6/34/91c127fdedf8b270b1e3acc9f849d07ee8b80194379590c6f48dcc842924/psycopg_binary-3.2.10-cp312-cp312-macosx_10_13_x86_64.whl", hash = "sha256:1dee2f4d2adc9adacbfecf8254bd82f6ac95cff707e1b9b99aa721cd1ef16b47", size = 3983963, upload-time = "2025-09-08T09:09:38.454Z" },
    { url = "https://files.pythonhosted.org/packages/1e/03/1d10ce2bf70cf549a8019639dc0c49be03e41092901d4324371a968b8c01/psycopg_binary-3.2.10-cp312-cp312-macosx_11_0_arm64.whl", hash = "sha256:8b45e65383da9c4a42a56f817973e521e893f4faae897fe9f1a971f9fe799742", size = 4069171, upload-time = "2025-09-08T09:09:44.395Z" },
    { url = "https://files.pythonhosted.org/packages/4c/5e/39cb924d6e119145aa5fc5532f48e79c67e13a76675e9366c327098db7b5/psycopg_binary-3.2.10-cp312-cp312-manylinux2014_aarch64.manylinux_2_17_aarch64.whl", hash = "sha256:484d2b1659afe0f8f1cef5ea960bb640e96fa864faf917086f9f833f5c7a8034", size = 4610780, upload-time = "2025-09-08T09:09:53.073Z" },
    { url = "https://files.pythonhosted.org/packages/20/05/5a1282ebc4e39f5890abdd4bb7edfe9d19e4667497a1793ad288a8b81826/psycopg_binary-3.2.10-cp312-cp312-manylinux2014_ppc64le.manylinux_2_17_ppc64le.whl", hash = "sha256:3bb4046973264ebc8cb7e20a83882d68577c1f26a6f8ad4fe52e4468cd9a8eee", size = 4700479, upload-time = "2025-09-08T09:09:58.183Z" },
    { url = "https://files.pythonhosted.org/packages/af/7a/e1c06e558ca3f37b7e6b002e555ebcfce0bf4dee6f3ae589a7444e16ce17/psycopg_binary-3.2.10-cp312-cp312-manylinux2014_x86_64.manylinux_2_17_x86_64.whl", hash = "sha256:14bcbcac0cab465d88b2581e43ec01af4b01c9833e663f1352e05cb41be19e44", size = 4391772, upload-time = "2025-09-08T09:10:04.406Z" },
    { url = "https://files.pythonhosted.org/packages/6a/d6/56f449c86988c9a97dc6c5f31d3689cfe8aedb37f2a02bd3e3882465d385/psycopg_binary-3.2.10-cp312-cp312-musllinux_1_2_aarch64.whl", hash = "sha256:70bb7f665587dfd79e69f48b34efe226149454d7aab138ed22d5431d703de2f6", size = 3858214, upload-time = "2025-09-08T09:10:09.693Z" },
    { url = "https://files.pythonhosted.org/packages/93/56/f9eed67c9a1701b1e315f3687ff85f2f22a0a7d0eae4505cff65ef2f2679/psycopg_binary-3.2.10-cp312-cp312-musllinux_1_2_ppc64le.whl", hash = "sha256:d2fe9eaa367f6171ab1a21a7dcb335eb2398be7f8bb7e04a20e2260aedc6f782", size = 3528051, upload-time = "2025-09-08T09:10:13.423Z" },
    { url = "https://files.pythonhosted.org/packages/25/cc/636709c72540cb859566537c0a03e46c3d2c4c4c2e13f78df46b6c4082b3/psycopg_binary-3.2.10-cp312-cp312-musllinux_1_2_x86_64.whl", hash = "sha256:299834cce3eec0c48aae5a5207fc8f0c558fd65f2ceab1a36693329847da956b", size = 3580117, upload-time = "2025-09-08T09:10:17.81Z" },
    { url = "https://files.pythonhosted.org/packages/c1/a8/a2c822fa06b0dbbb8ad4b0221da2534f77bac54332d2971dbf930f64be5a/psycopg_binary-3.2.10-cp312-cp312-win_amd64.whl", hash = "sha256:e037aac8dc894d147ef33056fc826ee5072977107a3fdf06122224353a057598", size = 2878872, upload-time = "2025-09-08T09:10:22.162Z" },
    { url = "https://files.pythonhosted.org/packages/3a/80/db840f7ebf948ab05b4793ad34d4da6ad251829d6c02714445ae8b5f1403/psycopg_binary-3.2.10-cp313-cp313-macosx_10_13_x86_64.whl", hash = "sha256:55b14f2402be027fe1568bc6c4d75ac34628ff5442a70f74137dadf99f738e3b", size = 3982057, upload-time = "2025-09-08T09:10:28.725Z" },
    { url = "https://files.pythonhosted.org/packages/2d/53/39308328bb8388b1ec3501a16128c5ada405f217c6d91b3d921b9f3c5604/psycopg_binary-3.2.10-cp313-cp313-macosx_11_0_arm64.whl", hash = "sha256:43d803fb4e108a67c78ba58f3e6855437ca25d56504cae7ebbfbd8fce9b59247", size = 4066830, upload-time = "2025-09-08T09:10:34.083Z" },
    { url = "https://files.pythonhosted.org/packages/e7/5a/18e6f41b40c71197479468cb18703b2999c6e4ab06f9c05df3bf416a55d7/psycopg_binary-3.2.10-cp313-cp313-manylinux2014_aarch64.manylinux_2_17_aarch64.whl", hash = "sha256:470594d303928ab72a1ffd179c9c7bde9d00f76711d6b0c28f8a46ddf56d9807", size = 4610747, upload-time = "2025-09-08T09:10:39.697Z" },
    { url = "https://files.pythonhosted.org/packages/be/ab/9198fed279aca238c245553ec16504179d21aad049958a2865d0aa797db4/psycopg_binary-3.2.10-cp313-cp313-manylinux2014_ppc64le.manylinux_2_17_ppc64le.whl", hash = "sha256:a1d4e4d309049e3cb61269652a3ca56cb598da30ecd7eb8cea561e0d18bc1a43", size = 4700301, upload-time = "2025-09-08T09:10:44.715Z" },
    { url = "https://files.pythonhosted.org/packages/fc/0d/59024313b5e6c5da3e2a016103494c609d73a95157a86317e0f600c8acb3/psycopg_binary-3.2.10-cp313-cp313-manylinux2014_x86_64.manylinux_2_17_x86_64.whl", hash = "sha256:a92ff1c2cd79b3966d6a87e26ceb222ecd5581b5ae4b58961f126af806a861ed", size = 4392679, upload-time = "2025-09-08T09:10:49.106Z" },
    { url = "https://files.pythonhosted.org/packages/ff/47/21ef15d8a66e3a7a76a177f885173d27f0c5cbe39f5dd6eda9832d6b4e19/psycopg_binary-3.2.10-cp313-cp313-musllinux_1_2_aarch64.whl", hash = "sha256:ac0365398947879c9827b319217096be727da16c94422e0eb3cf98c930643162", size = 3857881, upload-time = "2025-09-08T09:10:56.75Z" },
    { url = "https://files.pythonhosted.org/packages/af/35/c5e5402ccd40016f15d708bbf343b8cf107a58f8ae34d14dc178fdea4fd4/psycopg_binary-3.2.10-cp313-cp313-musllinux_1_2_ppc64le.whl", hash = "sha256:42ee399c2613b470a87084ed79b06d9d277f19b0457c10e03a4aef7059097abc", size = 3531135, upload-time = "2025-09-08T09:11:03.346Z" },
    { url = "https://files.pythonhosted.org/packages/e6/e2/9b82946859001fe5e546c8749991b8b3b283f40d51bdc897d7a8e13e0a5e/psycopg_binary-3.2.10-cp313-cp313-musllinux_1_2_x86_64.whl", hash = "sha256:2028073fc12cd70ba003309d1439c0c4afab4a7eee7653b8c91213064fffe12b", size = 3581813, upload-time = "2025-09-08T09:11:08.76Z" },
    { url = "https://files.pythonhosted.org/packages/c5/91/c10cfccb75464adb4781486e0014ecd7c2ad6decf6cbe0afd8db65ac2bc9/psycopg_binary-3.2.10-cp313-cp313-win_amd64.whl", hash = "sha256:8390db6d2010ffcaf7f2b42339a2da620a7125d37029c1f9b72dfb04a8e7be6f", size = 2881466, upload-time = "2025-09-08T09:11:14.078Z" },
    { url = "https://files.pythonhosted.org/packages/fd/89/b0702ba0d007cc787dd7a205212c8c8cae229d1e7214c8e27bdd3b13d33e/psycopg_binary-3.2.10-cp314-cp314-macosx_10_13_x86_64.whl", hash = "sha256:b34c278a58aa79562afe7f45e0455b1f4cad5974fc3d5674cc5f1f9f57e97fc5", size = 3981253, upload-time = "2025-09-08T09:11:19.864Z" },
    { url = "https://files.pythonhosted.org/packages/dc/c9/e51ac72ac34d1d8ea7fd861008ad8de60e56997f5bd3fbae7536570f6f58/psycopg_binary-3.2.10-cp314-cp314-macosx_11_0_arm64.whl", hash = "sha256:810f65b9ef1fe9dddb5c05937884ea9563aaf4e1a2c3d138205231ed5f439511", size = 4067542, upload-time = "2025-09-08T09:11:25.366Z" },
    { url = "https://files.pythonhosted.org/packages/d6/27/49625c79ae89959a070c1fb63ebb5c6eed426fa09e15086b6f5b626fcdc2/psycopg_binary-3.2.10-cp314-cp314-manylinux2014_aarch64.manylinux_2_17_aarch64.whl", hash = "sha256:8923487c3898c65e1450847e15d734bb2e6adbd2e79d2d1dd5ad829a1306bdc0", size = 4615338, upload-time = "2025-09-08T09:11:31.079Z" },
    { url = "https://files.pythonhosted.org/packages/b9/0d/9fdb5482f50f56303770ea8a3b1c1f32105762da731c7e2a4f425e0b3887/psycopg_binary-3.2.10-cp314-cp314-manylinux2014_ppc64le.manylinux_2_17_ppc64le.whl", hash = "sha256:7950ff79df7a453ac8a7d7a74694055b6c15905b0a2b6e3c99eb59c51a3f9bf7", size = 4703401, upload-time = "2025-09-08T09:11:38.718Z" },
    { url = "https://files.pythonhosted.org/packages/3c/f3/eb2f75ca2c090bf1d0c90d6da29ef340876fe4533bcfc072a9fd94dd52b4/psycopg_binary-3.2.10-cp314-cp314-manylinux2014_x86_64.manylinux_2_17_x86_64.whl", hash = "sha256:0c2b95e83fda70ed2b0b4fadd8538572e4a4d987b721823981862d1ab56cc760", size = 4393458, upload-time = "2025-09-08T09:11:44.114Z" },
    { url = "https://files.pythonhosted.org/packages/20/2e/887abe0591b2f1c1af31164b9efb46c5763e4418f403503bc9fbddaa02ef/psycopg_binary-3.2.10-cp314-cp314-musllinux_1_2_aarch64.whl", hash = "sha256:20384985fbc650c09a547a13c6d7f91bb42020d38ceafd2b68b7fc4a48a1f160", size = 3863733, upload-time = "2025-09-08T09:11:49.237Z" },
    { url = "https://files.pythonhosted.org/packages/6b/8c/9446e3a84187220a98657ef778518f9b44eba55b1f6c3e8300d229ec9930/psycopg_binary-3.2.10-cp314-cp314-musllinux_1_2_ppc64le.whl", hash = "sha256:1f6982609b8ff8fcd67299b67cd5787da1876f3bb28fedd547262cfa8ddedf94", size = 3535121, upload-time = "2025-09-08T09:11:53.887Z" },
    { url = "https://files.pythonhosted.org/packages/b4/e1/f0382c956bfaa951a0dbd4d5a354acf093ef7e5219996958143dfd2bf37d/psycopg_binary-3.2.10-cp314-cp314-musllinux_1_2_x86_64.whl", hash = "sha256:bf30dcf6aaaa8d4779a20d2158bdf81cc8e84ce8eee595d748a7671c70c7b890", size = 3584235, upload-time = "2025-09-08T09:12:01.118Z" },
    { url = "https://files.pythonhosted.org/packages/5a/dd/464bd739bacb3b745a1c93bc15f20f0b1e27f0a64ec693367794b398673b/psycopg_binary-3.2.10-cp314-cp314-win_amd64.whl", hash = "sha256:d5c6a66a76022af41970bf19f51bc6bf87bd10165783dd1d40484bfd87d6b382", size = 2973554, upload-time = "2025-09-08T09:12:05.884Z" },
]

[[package]]
name = "psycopg-pool"
version = "3.2.6"
source = { registry = "https://pypi.org/simple" }
dependencies = [
    { name = "typing-extensions" },
]
sdist = { url = "https://files.pythonhosted.org/packages/cf/13/1e7850bb2c69a63267c3dbf37387d3f71a00fd0e2fa55c5db14d64ba1af4/psycopg_pool-3.2.6.tar.gz", hash = "sha256:0f92a7817719517212fbfe2fd58b8c35c1850cdd2a80d36b581ba2085d9148e5", size = 29770, upload-time = "2025-02-26T12:03:47.129Z" }
wheels = [
    { url = "https://files.pythonhosted.org/packages/47/fd/4feb52a55c1a4bd748f2acaed1903ab54a723c47f6d0242780f4d97104d4/psycopg_pool-3.2.6-py3-none-any.whl", hash = "sha256:5887318a9f6af906d041a0b1dc1c60f8f0dda8340c2572b74e10907b51ed5da7", size = 38252, upload-time = "2025-02-26T12:03:45.073Z" },
]

[[package]]
name = "spacebar-bridge"
version = "0.1.0"
source = { virtual = "." }
dependencies = [
    { name = "apsw" },
    { name = "psycopg", extra = ["binary", "pool"] },
    { name = "urllib3" },
    { name = "websocket-client" },
]

[package.metadata]
requires-dist = [
    { name = "apsw", specifier = ">=3.50.4.0" },
    { name = "psycopg", extras = ["binary", "pool"], specifier = ">=3.2.10" },
    { name = "urllib3", specifier = ">=2.5.0" },
    { name = "websocket-client", specifier = ">=1.8.0" },
]

[[package]]
name = "typing-extensions"
version = "4.15.0"
source = { registry = "https://pypi.org/simple" }
sdist = { url = "https://files.pythonhosted.org/packages/72/94/1a15dd82efb362ac84269196e94cf00f187f7ed21c242792a923cdb1c61f/typing_extensions-4.15.0.tar.gz", hash = "sha256:0cea48d173cc12fa28ecabc3b837ea3cf6f38c6d1136f85cbaaf598984861466", size = 109391, upload-time = "2025-08-25T13:49:26.313Z" }
wheels = [
    { url = "https://files.pythonhosted.org/packages/18/67/36e9267722cc04a6b9f15c7f3441c2363321a3ea07da7ae0c0707beb2a9c/typing_extensions-4.15.0-py3-none-any.whl", hash = "sha256:f0fa19c6845758ab08074a0cfa8b7aecb71c999ca73d62883bc25cc018c4e548", size = 44614, upload-time = "2025-08-25T13:49:24.86Z" },
]

[[package]]
name = "tzdata"
version = "2025.2"
source = { registry = "https://pypi.org/simple" }
sdist = { url = "https://files.pythonhosted.org/packages/95/32/1a225d6164441be760d75c2c42e2780dc0873fe382da3e98a2e1e48361e5/tzdata-2025.2.tar.gz", hash = "sha256:b60a638fcc0daffadf82fe0f57e53d06bdec2f36c4df66280ae79bce6bd6f2b9", size = 196380, upload-time = "2025-03-23T13:54:43.652Z" }
wheels = [
    { url = "https://files.pythonhosted.org/packages/5c/23/c7abc0ca0a1526a0774eca151daeb8de62ec457e77262b66b359c3c7679e/tzdata-2025.2-py2.py3-none-any.whl", hash = "sha256:1a403fada01ff9221ca8044d701868fa132215d84beb92242d9acd2147f667a8", size = 347839, upload-time = "2025-03-23T13:54:41.845Z" },
]

[[package]]
name = "urllib3"
version = "2.5.0"
source = { registry = "https://pypi.org/simple" }
sdist = { url = "https://files.pythonhosted.org/packages/15/22/9ee70a2574a4f4599c47dd506532914ce044817c7752a79b6a51286319bc/urllib3-2.5.0.tar.gz", hash = "sha256:3fc47733c7e419d4bc3f6b3dc2b4f890bb743906a30d56ba4a5bfa4bbff92760", size = 393185, upload-time = "2025-06-18T14:07:41.644Z" }
wheels = [
    { url = "https://files.pythonhosted.org/packages/a7/c2/fe1e52489ae3122415c51f387e221dd0773709bad6c6cdaa599e8a2c5185/urllib3-2.5.0-py3-none-any.whl", hash = "sha256:e6b01673c0fa6a13e374b50871808eb3bf7046c4b125b216f6bf1cc604cff0dc", size = 129795, upload-time = "2025-06-18T14:07:40.39Z" },
]

[[package]]
name = "websocket-client"
version = "1.8.0"
source = { registry = "https://pypi.org/simple" }
sdist = { url = "https://files.pythonhosted.org/packages/e6/30/fba0d96b4b5fbf5948ed3f4681f7da2f9f64512e1d303f94b4cc174c24a5/websocket_client-1.8.0.tar.gz", hash = "sha256:3239df9f44da632f96012472805d40a23281a991027ce11d2f45a6f24ac4c3da", size = 54648, upload-time = "2024-04-23T22:16:16.976Z" }
wheels = [
    { url = "https://files.pythonhosted.org/packages/5a/84/44687a29792a70e111c5c477230a72c4b957d88d16141199bf9acb7537a3/websocket_client-1.8.0-py3-none-any.whl", hash = "sha256:17b44cc997f5c498e809b22cdf2d9c7a9e71c02c8cc2b6c56e7c2d1239bfa526", size = 58826, upload-time = "2024-04-23T22:16:14.422Z" },
]
